
Microsoft Visual Studio Solution File, Format Version 12.00
# Visual Studio 15
VisualStudioVersion = 15.0.28010.2050
MinimumVisualStudioVersion = 10.0.40219.1
Project("{FAE04EC0-301F-11D3-BF4B-00C04F79EFBC}") = "AMOS", "AMOS\AMOS.csproj", "{27BB4B7B-97BA-44AF-81E8-E1C3E89427D5}"
EndProject
Project("{FAE04EC0-301F-11D3-BF4B-00C04F79EFBC}") = "AMOSTests", "AMOSTests\AMOSTests.csproj", "{9192D220-E1C7-4A09-8AD1-07AA28A0A13E}"
EndProject
Global
	GlobalSection(SolutionConfigurationPlatforms) = preSolution
		Debug|Any CPU = Debug|Any CPU
		Release|Any CPU = Release|Any CPU
	EndGlobalSection
	GlobalSection(ProjectConfigurationPlatforms) = postSolution
		{27BB4B7B-97BA-44AF-81E8-E1C3E89427D5}.Debug|Any CPU.ActiveCfg = Debug|Any CPU
		{27BB4B7B-97BA-44AF-81E8-E1C3E89427D5}.Debug|Any CPU.Build.0 = Debug|Any CPU
		{27BB4B7B-97BA-44AF-81E8-E1C3E89427D5}.Release|Any CPU.ActiveCfg = Release|Any CPU
		{27BB4B7B-97BA-44AF-81E8-E1C3E89427D5}.Release|Any CPU.Build.0 = Release|Any CPU
		{9192D220-E1C7-4A09-8AD1-07AA28A0A13E}.Debug|Any CPU.ActiveCfg = Debug|Any CPU
		{9192D220-E1C7-4A09-8AD1-07AA28A0A13E}.Debug|Any CPU.Build.0 = Debug|Any CPU
		{9192D220-E1C7-4A09-8AD1-07AA28A0A13E}.Release|Any CPU.ActiveCfg = Release|Any CPU
		{9192D220-E1C7-4A09-8AD1-07AA28A0A13E}.Release|Any CPU.Build.0 = Release|Any CPU
	EndGlobalSection
	GlobalSection(SolutionProperties) = preSolution
		HideSolutionNode = FALSE
	EndGlobalSection
	GlobalSection(ExtensibilityGlobals) = postSolution
		SolutionGuid = {A87CF570-2C34-411C-8BE0-8487E53AAC25}
	EndGlobalSection
EndGlobal
